
Microsoft Visual Studio Solution File, Format Version 12.00
# Visual Studio Version 17
VisualStudioVersion = 17.6.33801.468
MinimumVisualStudioVersion = 10.0.40219.1
Project("{FAE04EC0-301F-11D3-BF4B-00C04F79EFBC}") = "MidtermPooja", "MidtermPooja\MidtermPooja.csproj", "{9FC4EBEF-7F86-492F-B3A5-1A59C5CC29AA}"
EndProject
Global
	GlobalSection(SolutionConfigurationPlatforms) = preSolution
		Debug|Any CPU = Debug|Any CPU
		Release|Any CPU = Release|Any CPU
	EndGlobalSection
	GlobalSection(ProjectConfigurationPlatforms) = postSolution
		{9FC4EBEF-7F86-492F-B3A5-1A59C5CC29AA}.Debug|Any CPU.ActiveCfg = Debug|Any CPU
		{9FC4EBEF-7F86-492F-B3A5-1A59C5CC29AA}.Debug|Any CPU.Build.0 = Debug|Any CPU
		{9FC4EBEF-7F86-492F-B3A5-1A59C5CC29AA}.Release|Any CPU.ActiveCfg = Release|Any CPU
		{9FC4EBEF-7F86-492F-B3A5-1A59C5CC29AA}.Release|Any CPU.Build.0 = Release|Any CPU
	EndGlobalSection
	GlobalSection(SolutionProperties) = preSolution
		HideSolutionNode = FALSE
	EndGlobalSection
	GlobalSection(ExtensibilityGlobals) = postSolution
		SolutionGuid = {4C4CD312-2662-4139-BF93-1B9A47801396}
	EndGlobalSection
EndGlobal
